// !$*UTF8*$!
{
	archiveVersion = 1;
	classes = {
	};
	objectVersion = 55;
	objects = {

/* Begin PBXBuildFile section */
		C167389C2747563B00724057 /* main.c in Sources */ = {isa = PBXBuildFile; fileRef = C167389B2747563B00724057 /* main.c */; };
		C16738A9274812DC00724057 /* main.c in Sources */ = {isa = PBXBuildFile; fileRef = C16738A8274812DC00724057 /* main.c */; };
		C16738AF274813A800724057 /* IOHIDReportDescriptorParser.c in Sources */ = {isa = PBXBuildFile; fileRef = C16738AE274813A800724057 /* IOHIDReportDescriptorParser.c */; };
/* End PBXBuildFile section */

/* Begin PBXCopyFilesBuildPhase section */
		C16738962747563B00724057 /* CopyFiles */ = {
			isa = PBXCopyFilesBuildPhase;
			buildActionMask = 2147483647;
			dstPath = /usr/share/man/man1/;
			dstSubfolderSpec = 0;
			files = (
			);
			runOnlyForDeploymentPostprocessing = 1;
		};
		C16738A4274812DC00724057 /* CopyFiles */ = {
			isa = PBXCopyFilesBuildPhase;
			buildActionMask = 2147483647;
			dstPath = /usr/share/man/man1/;
			dstSubfolderSpec = 0;
			files = (
			);
			runOnlyForDeploymentPostprocessing = 1;
		};
/* End PBXCopyFilesBuildPhase section */

/* Begin PBXFileReference section */
		C16738982747563B00724057 /* pete-hid-dump */ = {isa = PBXFileReference; explicitFileType = "compiled.mach-o.executable"; includeInIndex = 0; path = "pete-hid-dump"; sourceTree = BUILT_PRODUCTS_DIR; };
		C167389B2747563B00724057 /* main.c */ = {isa = PBXFileReference; lastKnownFileType = sourcecode.c.c; path = main.c; sourceTree = "<group>"; };
		C16738A6274812DC00724057 /* IOHIDReportTest */ = {isa = PBXFileReference; explicitFileType = "compiled.mach-o.executable"; includeInIndex = 0; path = IOHIDReportTest; sourceTree = BUILT_PRODUCTS_DIR; };
		C16738A8274812DC00724057 /* main.c */ = {isa = PBXFileReference; lastKnownFileType = sourcecode.c.c; path = main.c; sourceTree = "<group>"; };
		C16738AD2748132D00724057 /* IOHIDReportDescriptorParser.h */ = {isa = PBXFileReference; lastKnownFileType = sourcecode.c.h; path = IOHIDReportDescriptorParser.h; sourceTree = "<group>"; };
		C16738AE274813A800724057 /* IOHIDReportDescriptorParser.c */ = {isa = PBXFileReference; fileEncoding = 4; lastKnownFileType = sourcecode.c.c; path = IOHIDReportDescriptorParser.c; sourceTree = "<group>"; };
		C16738B0274828D300724057 /* os */ = {isa = PBXFileReference; lastKnownFileType = folder; path = os; sourceTree = "<group>"; };
/* End PBXFileReference section */

/* Begin PBXFrameworksBuildPhase section */
		C16738952747563B00724057 /* Frameworks */ = {
			isa = PBXFrameworksBuildPhase;
			buildActionMask = 2147483647;
			files = (
			);
			runOnlyForDeploymentPostprocessing = 0;
		};
		C16738A3274812DC00724057 /* Frameworks */ = {
			isa = PBXFrameworksBuildPhase;
			buildActionMask = 2147483647;
			files = (
			);
			runOnlyForDeploymentPostprocessing = 0;
		};
/* End PBXFrameworksBuildPhase section */

/* Begin PBXGroup section */
		C167388F2747563B00724057 = {
			isa = PBXGroup;
			children = (
				C167389A2747563B00724057 /* pete-hid-dump */,
				C16738A7274812DC00724057 /* IOHIDReportTest */,
				C16738992747563B00724057 /* Products */,
			);
			sourceTree = "<group>";
		};
		C16738992747563B00724057 /* Products */ = {
			isa = PBXGroup;
			children = (
				C16738982747563B00724057 /* pete-hid-dump */,
				C16738A6274812DC00724057 /* IOHIDReportTest */,
			);
			name = Products;
			sourceTree = "<group>";
		};
		C167389A2747563B00724057 /* pete-hid-dump */ = {
			isa = PBXGroup;
			children = (
				C167389B2747563B00724057 /* main.c */,
			);
			path = "pete-hid-dump";
			sourceTree = "<group>";
		};
		C16738A7274812DC00724057 /* IOHIDReportTest */ = {
			isa = PBXGroup;
			children = (
				C16738B0274828D300724057 /* os */,
				C16738AE274813A800724057 /* IOHIDReportDescriptorParser.c */,
				C16738A8274812DC00724057 /* main.c */,
				C16738AD2748132D00724057 /* IOHIDReportDescriptorParser.h */,
			);
			path = IOHIDReportTest;
			sourceTree = "<group>";
		};
/* End PBXGroup section */

/* Begin PBXNativeTarget section */
		C16738972747563B00724057 /* pete-hid-dump */ = {
			isa = PBXNativeTarget;
			buildConfigurationList = C167389F2747563B00724057 /* Build configuration list for PBXNativeTarget "pete-hid-dump" */;
			buildPhases = (
				C16738942747563B00724057 /* Sources */,
				C16738952747563B00724057 /* Frameworks */,
				C16738962747563B00724057 /* CopyFiles */,
			);
			buildRules = (
			);
			dependencies = (
			);
			name = "pete-hid-dump";
			productName = "pete-hid-dump";
			productReference = C16738982747563B00724057 /* pete-hid-dump */;
			productType = "com.apple.product-type.tool";
		};
		C16738A5274812DC00724057 /* IOHIDReportTest */ = {
			isa = PBXNativeTarget;
			buildConfigurationList = C16738AA274812DC00724057 /* Build configuration list for PBXNativeTarget "IOHIDReportTest" */;
			buildPhases = (
				C16738A2274812DC00724057 /* Sources */,
				C16738A3274812DC00724057 /* Frameworks */,
				C16738A4274812DC00724057 /* CopyFiles */,
			);
			buildRules = (
			);
			dependencies = (
			);
			name = IOHIDReportTest;
			productName = IOHIDReportTest;
			productReference = C16738A6274812DC00724057 /* IOHIDReportTest */;
			productType = "com.apple.product-type.tool";
		};
/* End PBXNativeTarget section */

/* Begin PBXProject section */
		C16738902747563B00724057 /* Project object */ = {
			isa = PBXProject;
			attributes = {
				BuildIndependentTargetsInParallel = 1;
				LastUpgradeCheck = 1310;
				TargetAttributes = {
					C16738972747563B00724057 = {
						CreatedOnToolsVersion = 13.1;
					};
					C16738A5274812DC00724057 = {
						CreatedOnToolsVersion = 13.1;
					};
				};
			};
			buildConfigurationList = C16738932747563B00724057 /* Build configuration list for PBXProject "pete-hid-dump" */;
			compatibilityVersion = "Xcode 13.0";
			developmentRegion = en;
			hasScannedForEncodings = 0;
			knownRegions = (
				en,
				Base,
			);
			mainGroup = C167388F2747563B00724057;
			productRefGroup = C16738992747563B00724057 /* Products */;
			projectDirPath = "";
			projectRoot = "";
			targets = (
				C16738972747563B00724057 /* pete-hid-dump */,
				C16738A5274812DC00724057 /* IOHIDReportTest */,
			);
		};
/* End PBXProject section */

/* Begin PBXSourcesBuildPhase section */
		C16738942747563B00724057 /* Sources */ = {
			isa = PBXSourcesBuildPhase;
			buildActionMask = 2147483647;
			files = (
				C167389C2747563B00724057 /* main.c in Sources */,
			);
			runOnlyForDeploymentPostprocessing = 0;
		};
		C16738A2274812DC00724057 /* Sources */ = {
			isa = PBXSourcesBuildPhase;
			buildActionMask = 2147483647;
			files = (
				C16738A9274812DC00724057 /* main.c in Sources */,
				C16738AF274813A800724057 /* IOHIDReportDescriptorParser.c in Sources */,
			);
			runOnlyForDeploymentPostprocessing = 0;
		};
/* End PBXSourcesBuildPhase section */

/* Begin XCBuildConfiguration section */
		C167389D2747563B00724057 /* Debug */ = {
			isa = XCBuildConfiguration;
			buildSettings = {
				ALWAYS_SEARCH_USER_PATHS = NO;
				CLANG_ANALYZER_NONNULL = YES;
				CLANG_ANALYZER_NUMBER_OBJECT_CONVERSION = YES_AGGRESSIVE;
				CLANG_CXX_LANGUAGE_STANDARD = "gnu++17";
				CLANG_CXX_LIBRARY = "libc++";
				CLANG_ENABLE_MODULES = YES;
				CLANG_ENABLE_OBJC_ARC = YES;
				CLANG_ENABLE_OBJC_WEAK = YES;
				CLANG_WARN_BLOCK_CAPTURE_AUTORELEASING = YES;
				CLANG_WARN_BOOL_CONVERSION = YES;
				CLANG_WARN_COMMA = YES;
				CLANG_WARN_CONSTANT_CONVERSION = YES;
				CLANG_WARN_DEPRECATED_OBJC_IMPLEMENTATIONS = YES;
				CLANG_WARN_DIRECT_OBJC_ISA_USAGE = YES_ERROR;
				CLANG_WARN_DOCUMENTATION_COMMENTS = YES;
				CLANG_WARN_EMPTY_BODY = YES;
				CLANG_WARN_ENUM_CONVERSION = YES;
				CLANG_WARN_INFINITE_RECURSION = YES;
				CLANG_WARN_INT_CONVERSION = YES;
				CLANG_WARN_NON_LITERAL_NULL_CONVERSION = YES;
				CLANG_WARN_OBJC_IMPLICIT_RETAIN_SELF = YES;
				CLANG_WARN_OBJC_LITERAL_CONVERSION = YES;
				CLANG_WARN_OBJC_ROOT_CLASS = YES_ERROR;
				CLANG_WARN_QUOTED_INCLUDE_IN_FRAMEWORK_HEADER = YES;
				CLANG_WARN_RANGE_LOOP_ANALYSIS = YES;
				CLANG_WARN_STRICT_PROTOTYPES = YES;
				CLANG_WARN_SUSPICIOUS_MOVE = YES;
				CLANG_WARN_UNGUARDED_AVAILABILITY = YES_AGGRESSIVE;
				CLANG_WARN_UNREACHABLE_CODE = YES;
				CLANG_WARN__DUPLICATE_METHOD_MATCH = YES;
				COPY_PHASE_STRIP = NO;
				DEBUG_INFORMATION_FORMAT = dwarf;
				ENABLE_STRICT_OBJC_MSGSEND = YES;
				ENABLE_TESTABILITY = YES;
				GCC_C_LANGUAGE_STANDARD = gnu11;
				GCC_DYNAMIC_NO_PIC = NO;
				GCC_NO_COMMON_BLOCKS = YES;
				GCC_OPTIMIZATION_LEVEL = 0;
				GCC_PREPROCESSOR_DEFINITIONS = (
					"DEBUG=1",
					"$(inherited)",
				);
				GCC_WARN_64_TO_32_BIT_CONVERSION = YES;
				GCC_WARN_ABOUT_RETURN_TYPE = YES_ERROR;
				GCC_WARN_UNDECLARED_SELECTOR = YES;
				GCC_WARN_UNINITIALIZED_AUTOS = YES_AGGRESSIVE;
				GCC_WARN_UNUSED_FUNCTION = YES;
				GCC_WARN_UNUSED_VARIABLE = YES;
				MACOSX_DEPLOYMENT_TARGET = 12.0;
				MTL_ENABLE_DEBUG_INFO = INCLUDE_SOURCE;
				MTL_FAST_MATH = YES;
				ONLY_ACTIVE_ARCH = YES;
				SDKROOT = macosx;
			};
			name = Debug;
		};
		C167389E2747563B00724057 /* Release */ = {
			isa = XCBuildConfiguration;
			buildSettings = {
				ALWAYS_SEARCH_USER_PATHS = NO;
				CLANG_ANALYZER_NONNULL = YES;
				CLANG_ANALYZER_NUMBER_OBJECT_CONVERSION = YES_AGGRESSIVE;
				CLANG_CXX_LANGUAGE_STANDARD = "gnu++17";
				CLANG_CXX_LIBRARY = "libc++";
				CLANG_ENABLE_MODULES = YES;
				CLANG_ENABLE_OBJC_ARC = YES;
				CLANG_ENABLE_OBJC_WEAK = YES;
				CLANG_WARN_BLOCK_CAPTURE_AUTORELEASING = YES;
				CLANG_WARN_BOOL_CONVERSION = YES;
				CLANG_WARN_COMMA = YES;
				CLANG_WARN_CONSTANT_CONVERSION = YES;
				CLANG_WARN_DEPRECATED_OBJC_IMPLEMENTATIONS = YES;
				CLANG_WARN_DIRECT_OBJC_ISA_USAGE = YES_ERROR;
				CLANG_WARN_DOCUMENTATION_COMMENTS = YES;
				CLANG_WARN_EMPTY_BODY = YES;
				CLANG_WARN_ENUM_CONVERSION = YES;
				CLANG_WARN_INFINITE_RECURSION = YES;
				CLANG_WARN_INT_CONVERSION = YES;
				CLANG_WARN_NON_LITERAL_NULL_CONVERSION = YES;
				CLANG_WARN_OBJC_IMPLICIT_RETAIN_SELF = YES;
				CLANG_WARN_OBJC_LITERAL_CONVERSION = YES;
				CLANG_WARN_OBJC_ROOT_CLASS = YES_ERROR;
				CLANG_WARN_QUOTED_INCLUDE_IN_FRAMEWORK_HEADER = YES;
				CLANG_WARN_RANGE_LOOP_ANALYSIS = YES;
				CLANG_WARN_STRICT_PROTOTYPES = YES;
				CLANG_WARN_SUSPICIOUS_MOVE = YES;
				CLANG_WARN_UNGUARDED_AVAILABILITY = YES_AGGRESSIVE;
				CLANG_WARN_UNREACHABLE_CODE = YES;
				CLANG_WARN__DUPLICATE_METHOD_MATCH = YES;
				COPY_PHASE_STRIP = NO;
				DEBUG_INFORMATION_FORMAT = "dwarf-with-dsym";
				ENABLE_NS_ASSERTIONS = NO;
				ENABLE_STRICT_OBJC_MSGSEND = YES;
				GCC_C_LANGUAGE_STANDARD = gnu11;
				GCC_NO_COMMON_BLOCKS = YES;
				GCC_WARN_64_TO_32_BIT_CONVERSION = YES;
				GCC_WARN_ABOUT_RETURN_TYPE = YES_ERROR;
				GCC_WARN_UNDECLARED_SELECTOR = YES;
				GCC_WARN_UNINITIALIZED_AUTOS = YES_AGGRESSIVE;
				GCC_WARN_UNUSED_FUNCTION = YES;
				GCC_WARN_UNUSED_VARIABLE = YES;
				MACOSX_DEPLOYMENT_TARGET = 12.0;
				MTL_ENABLE_DEBUG_INFO = NO;
				MTL_FAST_MATH = YES;
				SDKROOT = macosx;
			};
			name = Release;
		};
		C16738A02747563B00724057 /* Debug */ = {
			isa = XCBuildConfiguration;
			buildSettings = {
				CODE_SIGN_STYLE = Automatic;
				DEVELOPMENT_TEAM = RFDDK5QUG8;
				ENABLE_HARDENED_RUNTIME = YES;
				PRODUCT_NAME = "$(TARGET_NAME)";
			};
			name = Debug;
		};
		C16738A12747563B00724057 /* Release */ = {
			isa = XCBuildConfiguration;
			buildSettings = {
				CODE_SIGN_STYLE = Automatic;
				DEVELOPMENT_TEAM = RFDDK5QUG8;
				ENABLE_HARDENED_RUNTIME = YES;
				PRODUCT_NAME = "$(TARGET_NAME)";
			};
			name = Release;
		};
		C16738AB274812DC00724057 /* Debug */ = {
			isa = XCBuildConfiguration;
			buildSettings = {
				CODE_SIGN_STYLE = Automatic;
				DEVELOPMENT_TEAM = RFDDK5QUG8;
				ENABLE_HARDENED_RUNTIME = YES;
				PRODUCT_NAME = "$(TARGET_NAME)";
			};
			name = Debug;
		};
		C16738AC274812DC00724057 /* Release */ = {
			isa = XCBuildConfiguration;
			buildSettings = {
				CODE_SIGN_STYLE = Automatic;
				DEVELOPMENT_TEAM = RFDDK5QUG8;
				ENABLE_HARDENED_RUNTIME = YES;
				PRODUCT_NAME = "$(TARGET_NAME)";
			};
			name = Release;
		};
/* End XCBuildConfiguration section */

/* Begin XCConfigurationList section */
		C16738932747563B00724057 /* Build configuration list for PBXProject "pete-hid-dump" */ = {
			isa = XCConfigurationList;
			buildConfigurations = (
				C167389D2747563B00724057 /* Debug */,
				C167389E2747563B00724057 /* Release */,
			);
			defaultConfigurationIsVisible = 0;
			defaultConfigurationName = Release;
		};
		C167389F2747563B00724057 /* Build configuration list for PBXNativeTarget "pete-hid-dump" */ = {
			isa = XCConfigurationList;
			buildConfigurations = (
				C16738A02747563B00724057 /* Debug */,
				C16738A12747563B00724057 /* Release */,
			);
			defaultConfigurationIsVisible = 0;
			defaultConfigurationName = Release;
		};
		C16738AA274812DC00724057 /* Build configuration list for PBXNativeTarget "IOHIDReportTest" */ = {
			isa = XCConfigurationList;
			buildConfigurations = (
				C16738AB274812DC00724057 /* Debug */,
				C16738AC274812DC00724057 /* Release */,
			);
			defaultConfigurationIsVisible = 0;
			defaultConfigurationName = Release;
		};
/* End XCConfigurationList section */
	};
	rootObject = C16738902747563B00724057 /* Project object */;
}
